// !$*UTF8*$!
{
	archiveVersion = 1;
	classes = {
	};
	objectVersion = 48;
	objects = {

/* Begin PBXBuildFile section */
		B05283C31FE4AA72007AEBFC /* AppDelegate.swift in Sources */ = {isa = PBXBuildFile; fileRef = B05283C21FE4AA72007AEBFC /* AppDelegate.swift */; };
		B05283C51FE4AA72007AEBFC /* ViewController.swift in Sources */ = {isa = PBXBuildFile; fileRef = B05283C41FE4AA72007AEBFC /* ViewController.swift */; };
		B05283C81FE4AA72007AEBFC /* Main.storyboard in Resources */ = {isa = PBXBuildFile; fileRef = B05283C61FE4AA72007AEBFC /* Main.storyboard */; };
		B05283CA1FE4AA72007AEBFC /* Assets.xcassets in Resources */ = {isa = PBXBuildFile; fileRef = B05283C91FE4AA72007AEBFC /* Assets.xcassets */; };
		B05283CD1FE4AA72007AEBFC /* LaunchScreen.storyboard in Resources */ = {isa = PBXBuildFile; fileRef = B05283CB1FE4AA72007AEBFC /* LaunchScreen.storyboard */; };
/* End PBXBuildFile section */

/* Begin PBXFileReference section */
		B05283BF1FE4AA72007AEBFC /* Calculator 1.app */ = {isa = PBXFileReference; explicitFileType = wrapper.application; includeInIndex = 0; path = "Calculator 1.app"; sourceTree = BUILT_PRODUCTS_DIR; };
		B05283C21FE4AA72007AEBFC /* AppDelegate.swift */ = {isa = PBXFileReference; lastKnownFileType = sourcecode.swift; path = AppDelegate.swift; sourceTree = "<group>"; };
		B05283C41FE4AA72007AEBFC /* ViewController.swift */ = {isa = PBXFileReference; lastKnownFileType = sourcecode.swift; path = ViewController.swift; sourceTree = "<group>"; };
		B05283C71FE4AA72007AEBFC /* Base */ = {isa = PBXFileReference; lastKnownFileType = file.storyboard; name = Base; path = Base.lproj/Main.storyboard; sourceTree = "<group>"; };
		B05283C91FE4AA72007AEBFC /* Assets.xcassets */ = {isa = PBXFileReference; lastKnownFileType = folder.assetcatalog; path = Assets.xcassets; sourceTree = "<group>"; };
		B05283CC1FE4AA72007AEBFC /* Base */ = {isa = PBXFileReference; lastKnownFileType = file.storyboard; name = Base; path = Base.lproj/LaunchScreen.storyboard; sourceTree = "<group>"; };
		B05283CE1FE4AA72007AEBFC /* Info.plist */ = {isa = PBXFileReference; lastKnownFileType = text.plist.xml; path = Info.plist; sourceTree = "<group>"; };
/* End PBXFileReference section */

/* Begin PBXFrameworksBuildPhase section */
		B05283BC1FE4AA72007AEBFC /* Frameworks */ = {
			isa = PBXFrameworksBuildPhase;
			buildActionMask = 2147483647;
			files = (
			);
			runOnlyForDeploymentPostprocessing = 0;
		};
/* End PBXFrameworksBuildPhase section */

/* Begin PBXGroup section */
		B05283B61FE4AA72007AEBFC = {
			isa = PBXGroup;
			children = (
				B05283C11FE4AA72007AEBFC /* Calculator 1 */,
				B05283C01FE4AA72007AEBFC /* Products */,
			);
			sourceTree = "<group>";
		};
		B05283C01FE4AA72007AEBFC /* Products */ = {
			isa = PBXGroup;
			children = (
				B05283BF1FE4AA72007AEBFC /* Calculator 1.app */,
			);
			name = Products;
			sourceTree = "<group>";
		};
		B05283C11FE4AA72007AEBFC /* Calculator 1 */ = {
			isa = PBXGroup;
			children = (
				B05283C21FE4AA72007AEBFC /* AppDelegate.swift */,
				B05283C41FE4AA72007AEBFC /* ViewController.swift */,
				B05283C61FE4AA72007AEBFC /* Main.storyboard */,
				B05283C91FE4AA72007AEBFC /* Assets.xcassets */,
				B05283CB1FE4AA72007AEBFC /* LaunchScreen.storyboard */,
				B05283CE1FE4AA72007AEBFC /* Info.plist */,
			);
			path = "Calculator 1";
			sourceTree = "<group>";
		};
/* End PBXGroup section */

/* Begin PBXNativeTarget section */
		B05283BE1FE4AA72007AEBFC /* Calculator 1 */ = {
			isa = PBXNativeTarget;
			buildConfigurationList = B05283D11FE4AA72007AEBFC /* Build configuration list for PBXNativeTarget "Calculator 1" */;
			buildPhases = (
				B05283BB1FE4AA72007AEBFC /* Sources */,
				B05283BC1FE4AA72007AEBFC /* Frameworks */,
				B05283BD1FE4AA72007AEBFC /* Resources */,
			);
			buildRules = (
			);
			dependencies = (
			);
			name = "Calculator 1";
			productName = "Calculator 1";
			productReference = B05283BF1FE4AA72007AEBFC /* Calculator 1.app */;
			productType = "com.apple.product-type.application";
		};
/* End PBXNativeTarget section */

/* Begin PBXProject section */
		B05283B71FE4AA72007AEBFC /* Project object */ = {
			isa = PBXProject;
			attributes = {
				LastSwiftUpdateCheck = 0920;
				LastUpgradeCheck = 0920;
				ORGANIZATIONNAME = "Thao Doan";
				TargetAttributes = {
					B05283BE1FE4AA72007AEBFC = {
						CreatedOnToolsVersion = 9.2;
						ProvisioningStyle = Automatic;
					};
				};
			};
			buildConfigurationList = B05283BA1FE4AA72007AEBFC /* Build configuration list for PBXProject "Calculator 1" */;
			compatibilityVersion = "Xcode 8.0";
			developmentRegion = en;
			hasScannedForEncodings = 0;
			knownRegions = (
				en,
				Base,
			);
			mainGroup = B05283B61FE4AA72007AEBFC;
			productRefGroup = B05283C01FE4AA72007AEBFC /* Products */;
			projectDirPath = "";
			projectRoot = "";
			targets = (
				B05283BE1FE4AA72007AEBFC /* Calculator 1 */,
			);
		};
/* End PBXProject section */

/* Begin PBXResourcesBuildPhase section */
		B05283BD1FE4AA72007AEBFC /* Resources */ = {
			isa = PBXResourcesBuildPhase;
			buildActionMask = 2147483647;
			files = (
				B05283CD1FE4AA72007AEBFC /* LaunchScreen.storyboard in Resources */,
				B05283CA1FE4AA72007AEBFC /* Assets.xcassets in Resources */,
				B05283C81FE4AA72007AEBFC /* Main.storyboard in Resources */,
			);
			runOnlyForDeploymentPostprocessing = 0;
		};
/* End PBXResourcesBuildPhase section */

/* Begin PBXSourcesBuildPhase section */
		B05283BB1FE4AA72007AEBFC /* Sources */ = {
			isa = PBXSourcesBuildPhase;
			buildActionMask = 2147483647;
			files = (
				B05283C51FE4AA72007AEBFC /* ViewController.swift in Sources */,
				B05283C31FE4AA72007AEBFC /* AppDelegate.swift in Sources */,
			);
			runOnlyForDeploymentPostprocessing = 0;
		};
/* End PBXSourcesBuildPhase section */

/* Begin PBXVariantGroup section */
		B05283C61FE4AA72007AEBFC /* Main.storyboard */ = {
			isa = PBXVariantGroup;
			children = (
				B05283C71FE4AA72007AEBFC /* Base */,
			);
			name = Main.storyboard;
			sourceTree = "<group>";
		};
		B05283CB1FE4AA72007AEBFC /* LaunchScreen.storyboard */ = {
			isa = PBXVariantGroup;
			children = (
				B05283CC1FE4AA72007AEBFC /* Base */,
			);
			name = LaunchScreen.storyboard;
			sourceTree = "<group>";
		};
/* End PBXVariantGroup section */

/* Begin XCBuildConfiguration section */
		B05283CF1FE4AA72007AEBFC /* Debug */ = {
			isa = XCBuildConfiguration;
			buildSettings = {
				ALWAYS_SEARCH_USER_PATHS = NO;
				CLANG_ANALYZER_NONNULL = YES;
				CLANG_ANALYZER_NUMBER_OBJECT_CONVERSION = YES_AGGRESSIVE;
				CLANG_CXX_LANGUAGE_STANDARD = "gnu++14";
				CLANG_CXX_LIBRARY = "libc++";
				CLANG_ENABLE_MODULES = YES;
				CLANG_ENABLE_OBJC_ARC = YES;
				CLANG_WARN_BLOCK_CAPTURE_AUTORELEASING = YES;
				CLANG_WARN_BOOL_CONVERSION = YES;
				CLANG_WARN_COMMA = YES;
				CLANG_WARN_CONSTANT_CONVERSION = YES;
				CLANG_WARN_DIRECT_OBJC_ISA_USAGE = YES_ERROR;
				CLANG_WARN_DOCUMENTATION_COMMENTS = YES;
				CLANG_WARN_EMPTY_BODY = YES;
				CLANG_WARN_ENUM_CONVERSION = YES;
				CLANG_WARN_INFINITE_RECURSION = YES;
				CLANG_WARN_INT_CONVERSION = YES;
				CLANG_WARN_NON_LITERAL_NULL_CONVERSION = YES;
				CLANG_WARN_OBJC_LITERAL_CONVERSION = YES;
				CLANG_WARN_OBJC_ROOT_CLASS = YES_ERROR;
				CLANG_WARN_RANGE_LOOP_ANALYSIS = YES;
				CLANG_WARN_STRICT_PROTOTYPES = YES;
				CLANG_WARN_SUSPICIOUS_MOVE = YES;
				CLANG_WARN_UNGUARDED_AVAILABILITY = YES_AGGRESSIVE;
				CLANG_WARN_UNREACHABLE_CODE = YES;
				CLANG_WARN__DUPLICATE_METHOD_MATCH = YES;
				CODE_SIGN_IDENTITY = "iPhone Developer";
				COPY_PHASE_STRIP = NO;
				DEBUG_INFORMATION_FORMAT = dwarf;
				ENABLE_STRICT_OBJC_MSGSEND = YES;
				ENABLE_TESTABILITY = YES;
				GCC_C_LANGUAGE_STANDARD = gnu11;
				GCC_DYNAMIC_NO_PIC = NO;
				GCC_NO_COMMON_BLOCKS = YES;
				GCC_OPTIMIZATION_LEVEL = 0;
				GCC_PREPROCESSOR_DEFINITIONS = (
					"DEBUG=1",
					"$(inherited)",
				);
				GCC_WARN_64_TO_32_BIT_CONVERSION = YES;
				GCC_WARN_ABOUT_RETURN_TYPE = YES_ERROR;
				GCC_WARN_UNDECLARED_SELECTOR = YES;
				GCC_WARN_UNINITIALIZED_AUTOS = YES_AGGRESSIVE;
				GCC_WARN_UNUSED_FUNCTION = YES;
				GCC_WARN_UNUSED_VARIABLE = YES;
				IPHONEOS_DEPLOYMENT_TARGET = 11.2;
				MTL_ENABLE_DEBUG_INFO = YES;
				ONLY_ACTIVE_ARCH = YES;
				SDKROOT = iphoneos;
				SWIFT_ACTIVE_COMPILATION_CONDITIONS = DEBUG;
				SWIFT_OPTIMIZATION_LEVEL = "-Onone";
			};
			name = Debug;
		};
		B05283D01FE4AA72007AEBFC /* Release */ = {
			isa = XCBuildConfiguration;
			buildSettings = {
				ALWAYS_SEARCH_USER_PATHS = NO;
				CLANG_ANALYZER_NONNULL = YES;
				CLANG_ANALYZER_NUMBER_OBJECT_CONVERSION = YES_AGGRESSIVE;
				CLANG_CXX_LANGUAGE_STANDARD = "gnu++14";
				CLANG_CXX_LIBRARY = "libc++";
				CLANG_ENABLE_MODULES = YES;
				CLANG_ENABLE_OBJC_ARC = YES;
				CLANG_WARN_BLOCK_CAPTURE_AUTORELEASING = YES;
				CLANG_WARN_BOOL_CONVERSION = YES;
				CLANG_WARN_COMMA = YES;
				CLANG_WARN_CONSTANT_CONVERSION = YES;
				CLANG_WARN_DIRECT_OBJC_ISA_USAGE = YES_ERROR;
				CLANG_WARN_DOCUMENTATION_COMMENTS = YES;
				CLANG_WARN_EMPTY_BODY = YES;
				CLANG_WARN_ENUM_CONVERSION = YES;
				CLANG_WARN_INFINITE_RECURSION = YES;
				CLANG_WARN_INT_CONVERSION = YES;
				CLANG_WARN_NON_LITERAL_NULL_CONVERSION = YES;
				CLANG_WARN_OBJC_LITERAL_CONVERSION = YES;
				CLANG_WARN_OBJC_ROOT_CLASS = YES_ERROR;
				CLANG_WARN_RANGE_LOOP_ANALYSIS = YES;
				CLANG_WARN_STRICT_PROTOTYPES = YES;
				CLANG_WARN_SUSPICIOUS_MOVE = YES;
				CLANG_WARN_UNGUARDED_AVAILABILITY = YES_AGGRESSIVE;
				CLANG_WARN_UNREACHABLE_CODE = YES;
				CLANG_WARN__DUPLICATE_METHOD_MATCH = YES;
				CODE_SIGN_IDENTITY = "iPhone Developer";
				COPY_PHASE_STRIP = NO;
				DEBUG_INFORMATION_FORMAT = "dwarf-with-dsym";
				ENABLE_NS_ASSERTIONS = NO;
				ENABLE_STRICT_OBJC_MSGSEND = YES;
				GCC_C_LANGUAGE_STANDARD = gnu11;
				GCC_NO_COMMON_BLOCKS = YES;
				GCC_WARN_64_TO_32_BIT_CONVERSION = YES;
				GCC_WARN_ABOUT_RETURN_TYPE = YES_ERROR;
				GCC_WARN_UNDECLARED_SELECTOR = YES;
				GCC_WARN_UNINITIALIZED_AUTOS = YES_AGGRESSIVE;
				GCC_WARN_UNUSED_FUNCTION = YES;
				GCC_WARN_UNUSED_VARIABLE = YES;
				IPHONEOS_DEPLOYMENT_TARGET = 11.2;
				MTL_ENABLE_DEBUG_INFO = NO;
				SDKROOT = iphoneos;
				SWIFT_OPTIMIZATION_LEVEL = "-Owholemodule";
				VALIDATE_PRODUCT = YES;
			};
			name = Release;
		};
		B05283D21FE4AA72007AEBFC /* Debug */ = {
			isa = XCBuildConfiguration;
			buildSettings = {
				ASSETCATALOG_COMPILER_LAUNCHIMAGE_NAME = LaunchImage;
				CODE_SIGN_STYLE = Automatic;
				DEVELOPMENT_TEAM = S7CCUH8W47;
				INFOPLIST_FILE = "Calculator 1/Info.plist";
				LD_RUNPATH_SEARCH_PATHS = "$(inherited) @executable_path/Frameworks";
				PRODUCT_BUNDLE_IDENTIFIER = "com.teadoan.Calculator-1";
				PRODUCT_NAME = "$(TARGET_NAME)";
				SWIFT_VERSION = 4.0;
				TARGETED_DEVICE_FAMILY = 1;
			};
			name = Debug;
		};
		B05283D31FE4AA72007AEBFC /* Release */ = {
			isa = XCBuildConfiguration;
			buildSettings = {
				ASSETCATALOG_COMPILER_LAUNCHIMAGE_NAME = LaunchImage;
				CODE_SIGN_STYLE = Automatic;
				DEVELOPMENT_TEAM = S7CCUH8W47;
				INFOPLIST_FILE = "Calculator 1/Info.plist";
				LD_RUNPATH_SEARCH_PATHS = "$(inherited) @executable_path/Frameworks";
				PRODUCT_BUNDLE_IDENTIFIER = "com.teadoan.Calculator-1";
				PRODUCT_NAME = "$(TARGET_NAME)";
				SWIFT_VERSION = 4.0;
				TARGETED_DEVICE_FAMILY = 1;
			};
			name = Release;
		};
/* End XCBuildConfiguration section */

/* Begin XCConfigurationList section */
		B05283BA1FE4AA72007AEBFC /* Build configuration list for PBXProject "Calculator 1" */ = {
			isa = XCConfigurationList;
			buildConfigurations = (
				B05283CF1FE4AA72007AEBFC /* Debug */,
				B05283D01FE4AA72007AEBFC /* Release */,
			);
			defaultConfigurationIsVisible = 0;
			defaultConfigurationName = Release;
		};
		B05283D11FE4AA72007AEBFC /* Build configuration list for PBXNativeTarget "Calculator 1" */ = {
			isa = XCConfigurationList;
			buildConfigurations = (
				B05283D21FE4AA72007AEBFC /* Debug */,
				B05283D31FE4AA72007AEBFC /* Release */,
			);
			defaultConfigurationIsVisible = 0;
			defaultConfigurationName = Release;
		};
/* End XCConfigurationList section */
	};
	rootObject = B05283B71FE4AA72007AEBFC /* Project object */;
}
