// !$*UTF8*$!
{
	archiveVersion = 1;
	classes = {
	};
	objectVersion = 48;
	objects = {

/* Begin PBXBuildFile section */
		B0F2370B200057A8005350C2 /* AppDelegate.swift in Sources */ = {isa = PBXBuildFile; fileRef = B0F2370A200057A8005350C2 /* AppDelegate.swift */; };
		B0F23710200057A8005350C2 /* Main.storyboard in Resources */ = {isa = PBXBuildFile; fileRef = B0F2370E200057A8005350C2 /* Main.storyboard */; };
		B0F23712200057A8005350C2 /* Assets.xcassets in Resources */ = {isa = PBXBuildFile; fileRef = B0F23711200057A8005350C2 /* Assets.xcassets */; };
		B0F23715200057A8005350C2 /* LaunchScreen.storyboard in Resources */ = {isa = PBXBuildFile; fileRef = B0F23713200057A8005350C2 /* LaunchScreen.storyboard */; };
		B0F23720200057A8005350C2 /* NoverTests.swift in Sources */ = {isa = PBXBuildFile; fileRef = B0F2371F200057A8005350C2 /* NoverTests.swift */; };
		B0F2372B200057A8005350C2 /* NoverUITests.swift in Sources */ = {isa = PBXBuildFile; fileRef = B0F2372A200057A8005350C2 /* NoverUITests.swift */; };
		B0F2373920005917005350C2 /* NoteTableViewController.swift in Sources */ = {isa = PBXBuildFile; fileRef = B0F2373820005917005350C2 /* NoteTableViewController.swift */; };
		B0F2373B20005952005350C2 /* NoteTableViewCell.swift in Sources */ = {isa = PBXBuildFile; fileRef = B0F2373A20005952005350C2 /* NoteTableViewCell.swift */; };
		B0F2373E20005B69005350C2 /* NoteModel.xcdatamodeld in Sources */ = {isa = PBXBuildFile; fileRef = B0F2373C20005B69005350C2 /* NoteModel.xcdatamodeld */; };
		B0F2374020005C91005350C2 /* CoreData .swift in Sources */ = {isa = PBXBuildFile; fileRef = B0F2373F20005C91005350C2 /* CoreData .swift */; };
/* End PBXBuildFile section */

/* Begin PBXContainerItemProxy section */
		B0F2371C200057A8005350C2 /* PBXContainerItemProxy */ = {
			isa = PBXContainerItemProxy;
			containerPortal = B0F236FF200057A8005350C2 /* Project object */;
			proxyType = 1;
			remoteGlobalIDString = B0F23706200057A8005350C2;
			remoteInfo = Nover;
		};
		B0F23727200057A8005350C2 /* PBXContainerItemProxy */ = {
			isa = PBXContainerItemProxy;
			containerPortal = B0F236FF200057A8005350C2 /* Project object */;
			proxyType = 1;
			remoteGlobalIDString = B0F23706200057A8005350C2;
			remoteInfo = Nover;
		};
/* End PBXContainerItemProxy section */

/* Begin PBXFileReference section */
		B0F23707200057A8005350C2 /* Nover.app */ = {isa = PBXFileReference; explicitFileType = wrapper.application; includeInIndex = 0; path = Nover.app; sourceTree = BUILT_PRODUCTS_DIR; };
		B0F2370A200057A8005350C2 /* AppDelegate.swift */ = {isa = PBXFileReference; lastKnownFileType = sourcecode.swift; path = AppDelegate.swift; sourceTree = "<group>"; };
		B0F2370F200057A8005350C2 /* Base */ = {isa = PBXFileReference; lastKnownFileType = file.storyboard; name = Base; path = Base.lproj/Main.storyboard; sourceTree = "<group>"; };
		B0F23711200057A8005350C2 /* Assets.xcassets */ = {isa = PBXFileReference; lastKnownFileType = folder.assetcatalog; path = Assets.xcassets; sourceTree = "<group>"; };
		B0F23714200057A8005350C2 /* Base */ = {isa = PBXFileReference; lastKnownFileType = file.storyboard; name = Base; path = Base.lproj/LaunchScreen.storyboard; sourceTree = "<group>"; };
		B0F23716200057A8005350C2 /* Info.plist */ = {isa = PBXFileReference; lastKnownFileType = text.plist.xml; path = Info.plist; sourceTree = "<group>"; };
		B0F2371B200057A8005350C2 /* NoverTests.xctest */ = {isa = PBXFileReference; explicitFileType = wrapper.cfbundle; includeInIndex = 0; path = NoverTests.xctest; sourceTree = BUILT_PRODUCTS_DIR; };
		B0F2371F200057A8005350C2 /* NoverTests.swift */ = {isa = PBXFileReference; lastKnownFileType = sourcecode.swift; path = NoverTests.swift; sourceTree = "<group>"; };
		B0F23721200057A8005350C2 /* Info.plist */ = {isa = PBXFileReference; lastKnownFileType = text.plist.xml; path = Info.plist; sourceTree = "<group>"; };
		B0F23726200057A8005350C2 /* NoverUITests.xctest */ = {isa = PBXFileReference; explicitFileType = wrapper.cfbundle; includeInIndex = 0; path = NoverUITests.xctest; sourceTree = BUILT_PRODUCTS_DIR; };
		B0F2372A200057A8005350C2 /* NoverUITests.swift */ = {isa = PBXFileReference; lastKnownFileType = sourcecode.swift; path = NoverUITests.swift; sourceTree = "<group>"; };
		B0F2372C200057A8005350C2 /* Info.plist */ = {isa = PBXFileReference; lastKnownFileType = text.plist.xml; path = Info.plist; sourceTree = "<group>"; };
		B0F2373820005917005350C2 /* NoteTableViewController.swift */ = {isa = PBXFileReference; lastKnownFileType = sourcecode.swift; path = NoteTableViewController.swift; sourceTree = "<group>"; };
		B0F2373A20005952005350C2 /* NoteTableViewCell.swift */ = {isa = PBXFileReference; lastKnownFileType = sourcecode.swift; path = NoteTableViewCell.swift; sourceTree = "<group>"; };
		B0F2373D20005B69005350C2 /* NoteModel.xcdatamodel */ = {isa = PBXFileReference; lastKnownFileType = wrapper.xcdatamodel; path = NoteModel.xcdatamodel; sourceTree = "<group>"; };
		B0F2373F20005C91005350C2 /* CoreData .swift */ = {isa = PBXFileReference; lastKnownFileType = sourcecode.swift; path = "CoreData .swift"; sourceTree = "<group>"; };
/* End PBXFileReference section */

/* Begin PBXFrameworksBuildPhase section */
		B0F23704200057A8005350C2 /* Frameworks */ = {
			isa = PBXFrameworksBuildPhase;
			buildActionMask = 2147483647;
			files = (
			);
			runOnlyForDeploymentPostprocessing = 0;
		};
		B0F23718200057A8005350C2 /* Frameworks */ = {
			isa = PBXFrameworksBuildPhase;
			buildActionMask = 2147483647;
			files = (
			);
			runOnlyForDeploymentPostprocessing = 0;
		};
		B0F23723200057A8005350C2 /* Frameworks */ = {
			isa = PBXFrameworksBuildPhase;
			buildActionMask = 2147483647;
			files = (
			);
			runOnlyForDeploymentPostprocessing = 0;
		};
/* End PBXFrameworksBuildPhase section */

/* Begin PBXGroup section */
		B0F236FE200057A8005350C2 = {
			isa = PBXGroup;
			children = (
				B0F23709200057A8005350C2 /* Nover */,
				B0F2371E200057A8005350C2 /* NoverTests */,
				B0F23729200057A8005350C2 /* NoverUITests */,
				B0F23708200057A8005350C2 /* Products */,
			);
			sourceTree = "<group>";
		};
		B0F23708200057A8005350C2 /* Products */ = {
			isa = PBXGroup;
			children = (
				B0F23707200057A8005350C2 /* Nover.app */,
				B0F2371B200057A8005350C2 /* NoverTests.xctest */,
				B0F23726200057A8005350C2 /* NoverUITests.xctest */,
			);
			name = Products;
			sourceTree = "<group>";
		};
		B0F23709200057A8005350C2 /* Nover */ = {
			isa = PBXGroup;
			children = (
				B0F2370A200057A8005350C2 /* AppDelegate.swift */,
				B0F2370E200057A8005350C2 /* Main.storyboard */,
				B0F2373A20005952005350C2 /* NoteTableViewCell.swift */,
				B0F2373820005917005350C2 /* NoteTableViewController.swift */,
				B0F2373F20005C91005350C2 /* CoreData .swift */,
				B0F23711200057A8005350C2 /* Assets.xcassets */,
				B0F23713200057A8005350C2 /* LaunchScreen.storyboard */,
				B0F23716200057A8005350C2 /* Info.plist */,
				B0F2373C20005B69005350C2 /* NoteModel.xcdatamodeld */,
			);
			path = Nover;
			sourceTree = "<group>";
		};
		B0F2371E200057A8005350C2 /* NoverTests */ = {
			isa = PBXGroup;
			children = (
				B0F2371F200057A8005350C2 /* NoverTests.swift */,
				B0F23721200057A8005350C2 /* Info.plist */,
			);
			path = NoverTests;
			sourceTree = "<group>";
		};
		B0F23729200057A8005350C2 /* NoverUITests */ = {
			isa = PBXGroup;
			children = (
				B0F2372A200057A8005350C2 /* NoverUITests.swift */,
				B0F2372C200057A8005350C2 /* Info.plist */,
			);
			path = NoverUITests;
			sourceTree = "<group>";
		};
/* End PBXGroup section */

/* Begin PBXNativeTarget section */
		B0F23706200057A8005350C2 /* Nover */ = {
			isa = PBXNativeTarget;
			buildConfigurationList = B0F2372F200057A8005350C2 /* Build configuration list for PBXNativeTarget "Nover" */;
			buildPhases = (
				B0F23703200057A8005350C2 /* Sources */,
				B0F23704200057A8005350C2 /* Frameworks */,
				B0F23705200057A8005350C2 /* Resources */,
			);
			buildRules = (
			);
			dependencies = (
			);
			name = Nover;
			productName = Nover;
			productReference = B0F23707200057A8005350C2 /* Nover.app */;
			productType = "com.apple.product-type.application";
		};
		B0F2371A200057A8005350C2 /* NoverTests */ = {
			isa = PBXNativeTarget;
			buildConfigurationList = B0F23732200057A8005350C2 /* Build configuration list for PBXNativeTarget "NoverTests" */;
			buildPhases = (
				B0F23717200057A8005350C2 /* Sources */,
				B0F23718200057A8005350C2 /* Frameworks */,
				B0F23719200057A8005350C2 /* Resources */,
			);
			buildRules = (
			);
			dependencies = (
				B0F2371D200057A8005350C2 /* PBXTargetDependency */,
			);
			name = NoverTests;
			productName = NoverTests;
			productReference = B0F2371B200057A8005350C2 /* NoverTests.xctest */;
			productType = "com.apple.product-type.bundle.unit-test";
		};
		B0F23725200057A8005350C2 /* NoverUITests */ = {
			isa = PBXNativeTarget;
			buildConfigurationList = B0F23735200057A8005350C2 /* Build configuration list for PBXNativeTarget "NoverUITests" */;
			buildPhases = (
				B0F23722200057A8005350C2 /* Sources */,
				B0F23723200057A8005350C2 /* Frameworks */,
				B0F23724200057A8005350C2 /* Resources */,
			);
			buildRules = (
			);
			dependencies = (
				B0F23728200057A8005350C2 /* PBXTargetDependency */,
			);
			name = NoverUITests;
			productName = NoverUITests;
			productReference = B0F23726200057A8005350C2 /* NoverUITests.xctest */;
			productType = "com.apple.product-type.bundle.ui-testing";
		};
/* End PBXNativeTarget section */

/* Begin PBXProject section */
		B0F236FF200057A8005350C2 /* Project object */ = {
			isa = PBXProject;
			attributes = {
				LastSwiftUpdateCheck = 0920;
				LastUpgradeCheck = 0920;
				ORGANIZATIONNAME = "Thao Doan";
				TargetAttributes = {
					B0F23706200057A8005350C2 = {
						CreatedOnToolsVersion = 9.2;
						ProvisioningStyle = Automatic;
					};
					B0F2371A200057A8005350C2 = {
						CreatedOnToolsVersion = 9.2;
						ProvisioningStyle = Automatic;
						TestTargetID = B0F23706200057A8005350C2;
					};
					B0F23725200057A8005350C2 = {
						CreatedOnToolsVersion = 9.2;
						ProvisioningStyle = Automatic;
						TestTargetID = B0F23706200057A8005350C2;
					};
				};
			};
			buildConfigurationList = B0F23702200057A8005350C2 /* Build configuration list for PBXProject "Nover" */;
			compatibilityVersion = "Xcode 8.0";
			developmentRegion = en;
			hasScannedForEncodings = 0;
			knownRegions = (
				en,
				Base,
			);
			mainGroup = B0F236FE200057A8005350C2;
			productRefGroup = B0F23708200057A8005350C2 /* Products */;
			projectDirPath = "";
			projectRoot = "";
			targets = (
				B0F23706200057A8005350C2 /* Nover */,
				B0F2371A200057A8005350C2 /* NoverTests */,
				B0F23725200057A8005350C2 /* NoverUITests */,
			);
		};
/* End PBXProject section */

/* Begin PBXResourcesBuildPhase section */
		B0F23705200057A8005350C2 /* Resources */ = {
			isa = PBXResourcesBuildPhase;
			buildActionMask = 2147483647;
			files = (
				B0F23715200057A8005350C2 /* LaunchScreen.storyboard in Resources */,
				B0F23712200057A8005350C2 /* Assets.xcassets in Resources */,
				B0F23710200057A8005350C2 /* Main.storyboard in Resources */,
			);
			runOnlyForDeploymentPostprocessing = 0;
		};
		B0F23719200057A8005350C2 /* Resources */ = {
			isa = PBXResourcesBuildPhase;
			buildActionMask = 2147483647;
			files = (
			);
			runOnlyForDeploymentPostprocessing = 0;
		};
		B0F23724200057A8005350C2 /* Resources */ = {
			isa = PBXResourcesBuildPhase;
			buildActionMask = 2147483647;
			files = (
			);
			runOnlyForDeploymentPostprocessing = 0;
		};
/* End PBXResourcesBuildPhase section */

/* Begin PBXSourcesBuildPhase section */
		B0F23703200057A8005350C2 /* Sources */ = {
			isa = PBXSourcesBuildPhase;
			buildActionMask = 2147483647;
			files = (
				B0F2370B200057A8005350C2 /* AppDelegate.swift in Sources */,
				B0F2374020005C91005350C2 /* CoreData .swift in Sources */,
				B0F2373E20005B69005350C2 /* NoteModel.xcdatamodeld in Sources */,
				B0F2373920005917005350C2 /* NoteTableViewController.swift in Sources */,
				B0F2373B20005952005350C2 /* NoteTableViewCell.swift in Sources */,
			);
			runOnlyForDeploymentPostprocessing = 0;
		};
		B0F23717200057A8005350C2 /* Sources */ = {
			isa = PBXSourcesBuildPhase;
			buildActionMask = 2147483647;
			files = (
				B0F23720200057A8005350C2 /* NoverTests.swift in Sources */,
			);
			runOnlyForDeploymentPostprocessing = 0;
		};
		B0F23722200057A8005350C2 /* Sources */ = {
			isa = PBXSourcesBuildPhase;
			buildActionMask = 2147483647;
			files = (
				B0F2372B200057A8005350C2 /* NoverUITests.swift in Sources */,
			);
			runOnlyForDeploymentPostprocessing = 0;
		};
/* End PBXSourcesBuildPhase section */

/* Begin PBXTargetDependency section */
		B0F2371D200057A8005350C2 /* PBXTargetDependency */ = {
			isa = PBXTargetDependency;
			target = B0F23706200057A8005350C2 /* Nover */;
			targetProxy = B0F2371C200057A8005350C2 /* PBXContainerItemProxy */;
		};
		B0F23728200057A8005350C2 /* PBXTargetDependency */ = {
			isa = PBXTargetDependency;
			target = B0F23706200057A8005350C2 /* Nover */;
			targetProxy = B0F23727200057A8005350C2 /* PBXContainerItemProxy */;
		};
/* End PBXTargetDependency section */

/* Begin PBXVariantGroup section */
		B0F2370E200057A8005350C2 /* Main.storyboard */ = {
			isa = PBXVariantGroup;
			children = (
				B0F2370F200057A8005350C2 /* Base */,
			);
			name = Main.storyboard;
			sourceTree = "<group>";
		};
		B0F23713200057A8005350C2 /* LaunchScreen.storyboard */ = {
			isa = PBXVariantGroup;
			children = (
				B0F23714200057A8005350C2 /* Base */,
			);
			name = LaunchScreen.storyboard;
			sourceTree = "<group>";
		};
/* End PBXVariantGroup section */

/* Begin XCBuildConfiguration section */
		B0F2372D200057A8005350C2 /* Debug */ = {
			isa = XCBuildConfiguration;
			buildSettings = {
				ALWAYS_SEARCH_USER_PATHS = NO;
				CLANG_ANALYZER_NONNULL = YES;
				CLANG_ANALYZER_NUMBER_OBJECT_CONVERSION = YES_AGGRESSIVE;
				CLANG_CXX_LANGUAGE_STANDARD = "gnu++14";
				CLANG_CXX_LIBRARY = "libc++";
				CLANG_ENABLE_MODULES = YES;
				CLANG_ENABLE_OBJC_ARC = YES;
				CLANG_WARN_BLOCK_CAPTURE_AUTORELEASING = YES;
				CLANG_WARN_BOOL_CONVERSION = YES;
				CLANG_WARN_COMMA = YES;
				CLANG_WARN_CONSTANT_CONVERSION = YES;
				CLANG_WARN_DIRECT_OBJC_ISA_USAGE = YES_ERROR;
				CLANG_WARN_DOCUMENTATION_COMMENTS = YES;
				CLANG_WARN_EMPTY_BODY = YES;
				CLANG_WARN_ENUM_CONVERSION = YES;
				CLANG_WARN_INFINITE_RECURSION = YES;
				CLANG_WARN_INT_CONVERSION = YES;
				CLANG_WARN_NON_LITERAL_NULL_CONVERSION = YES;
				CLANG_WARN_OBJC_LITERAL_CONVERSION = YES;
				CLANG_WARN_OBJC_ROOT_CLASS = YES_ERROR;
				CLANG_WARN_RANGE_LOOP_ANALYSIS = YES;
				CLANG_WARN_STRICT_PROTOTYPES = YES;
				CLANG_WARN_SUSPICIOUS_MOVE = YES;
				CLANG_WARN_UNGUARDED_AVAILABILITY = YES_AGGRESSIVE;
				CLANG_WARN_UNREACHABLE_CODE = YES;
				CLANG_WARN__DUPLICATE_METHOD_MATCH = YES;
				CODE_SIGN_IDENTITY = "iPhone Developer";
				COPY_PHASE_STRIP = NO;
				DEBUG_INFORMATION_FORMAT = dwarf;
				ENABLE_STRICT_OBJC_MSGSEND = YES;
				ENABLE_TESTABILITY = YES;
				GCC_C_LANGUAGE_STANDARD = gnu11;
				GCC_DYNAMIC_NO_PIC = NO;
				GCC_NO_COMMON_BLOCKS = YES;
				GCC_OPTIMIZATION_LEVEL = 0;
				GCC_PREPROCESSOR_DEFINITIONS = (
					"DEBUG=1",
					"$(inherited)",
				);
				GCC_WARN_64_TO_32_BIT_CONVERSION = YES;
				GCC_WARN_ABOUT_RETURN_TYPE = YES_ERROR;
				GCC_WARN_UNDECLARED_SELECTOR = YES;
				GCC_WARN_UNINITIALIZED_AUTOS = YES_AGGRESSIVE;
				GCC_WARN_UNUSED_FUNCTION = YES;
				GCC_WARN_UNUSED_VARIABLE = YES;
				IPHONEOS_DEPLOYMENT_TARGET = 11.2;
				MTL_ENABLE_DEBUG_INFO = YES;
				ONLY_ACTIVE_ARCH = YES;
				SDKROOT = iphoneos;
				SWIFT_ACTIVE_COMPILATION_CONDITIONS = DEBUG;
				SWIFT_OPTIMIZATION_LEVEL = "-Onone";
			};
			name = Debug;
		};
		B0F2372E200057A8005350C2 /* Release */ = {
			isa = XCBuildConfiguration;
			buildSettings = {
				ALWAYS_SEARCH_USER_PATHS = NO;
				CLANG_ANALYZER_NONNULL = YES;
				CLANG_ANALYZER_NUMBER_OBJECT_CONVERSION = YES_AGGRESSIVE;
				CLANG_CXX_LANGUAGE_STANDARD = "gnu++14";
				CLANG_CXX_LIBRARY = "libc++";
				CLANG_ENABLE_MODULES = YES;
				CLANG_ENABLE_OBJC_ARC = YES;
				CLANG_WARN_BLOCK_CAPTURE_AUTORELEASING = YES;
				CLANG_WARN_BOOL_CONVERSION = YES;
				CLANG_WARN_COMMA = YES;
				CLANG_WARN_CONSTANT_CONVERSION = YES;
				CLANG_WARN_DIRECT_OBJC_ISA_USAGE = YES_ERROR;
				CLANG_WARN_DOCUMENTATION_COMMENTS = YES;
				CLANG_WARN_EMPTY_BODY = YES;
				CLANG_WARN_ENUM_CONVERSION = YES;
				CLANG_WARN_INFINITE_RECURSION = YES;
				CLANG_WARN_INT_CONVERSION = YES;
				CLANG_WARN_NON_LITERAL_NULL_CONVERSION = YES;
				CLANG_WARN_OBJC_LITERAL_CONVERSION = YES;
				CLANG_WARN_OBJC_ROOT_CLASS = YES_ERROR;
				CLANG_WARN_RANGE_LOOP_ANALYSIS = YES;
				CLANG_WARN_STRICT_PROTOTYPES = YES;
				CLANG_WARN_SUSPICIOUS_MOVE = YES;
				CLANG_WARN_UNGUARDED_AVAILABILITY = YES_AGGRESSIVE;
				CLANG_WARN_UNREACHABLE_CODE = YES;
				CLANG_WARN__DUPLICATE_METHOD_MATCH = YES;
				CODE_SIGN_IDENTITY = "iPhone Developer";
				COPY_PHASE_STRIP = NO;
				DEBUG_INFORMATION_FORMAT = "dwarf-with-dsym";
				ENABLE_NS_ASSERTIONS = NO;
				ENABLE_STRICT_OBJC_MSGSEND = YES;
				GCC_C_LANGUAGE_STANDARD = gnu11;
				GCC_NO_COMMON_BLOCKS = YES;
				GCC_WARN_64_TO_32_BIT_CONVERSION = YES;
				GCC_WARN_ABOUT_RETURN_TYPE = YES_ERROR;
				GCC_WARN_UNDECLARED_SELECTOR = YES;
				GCC_WARN_UNINITIALIZED_AUTOS = YES_AGGRESSIVE;
				GCC_WARN_UNUSED_FUNCTION = YES;
				GCC_WARN_UNUSED_VARIABLE = YES;
				IPHONEOS_DEPLOYMENT_TARGET = 11.2;
				MTL_ENABLE_DEBUG_INFO = NO;
				SDKROOT = iphoneos;
				SWIFT_OPTIMIZATION_LEVEL = "-Owholemodule";
				VALIDATE_PRODUCT = YES;
			};
			name = Release;
		};
		B0F23730200057A8005350C2 /* Debug */ = {
			isa = XCBuildConfiguration;
			buildSettings = {
				ASSETCATALOG_COMPILER_APPICON_NAME = AppIcon;
				CODE_SIGN_STYLE = Automatic;
				DEVELOPMENT_TEAM = S7CCUH8W47;
				INFOPLIST_FILE = Nover/Info.plist;
				LD_RUNPATH_SEARCH_PATHS = "$(inherited) @executable_path/Frameworks";
				PRODUCT_BUNDLE_IDENTIFIER = com.teadoan.Nover;
				PRODUCT_NAME = "$(TARGET_NAME)";
				SWIFT_VERSION = 4.0;
				TARGETED_DEVICE_FAMILY = "1,2";
			};
			name = Debug;
		};
		B0F23731200057A8005350C2 /* Release */ = {
			isa = XCBuildConfiguration;
			buildSettings = {
				ASSETCATALOG_COMPILER_APPICON_NAME = AppIcon;
				CODE_SIGN_STYLE = Automatic;
				DEVELOPMENT_TEAM = S7CCUH8W47;
				INFOPLIST_FILE = Nover/Info.plist;
				LD_RUNPATH_SEARCH_PATHS = "$(inherited) @executable_path/Frameworks";
				PRODUCT_BUNDLE_IDENTIFIER = com.teadoan.Nover;
				PRODUCT_NAME = "$(TARGET_NAME)";
				SWIFT_VERSION = 4.0;
				TARGETED_DEVICE_FAMILY = "1,2";
			};
			name = Release;
		};
		B0F23733200057A8005350C2 /* Debug */ = {
			isa = XCBuildConfiguration;
			buildSettings = {
				ALWAYS_EMBED_SWIFT_STANDARD_LIBRARIES = YES;
				BUNDLE_LOADER = "$(TEST_HOST)";
				CODE_SIGN_STYLE = Automatic;
				DEVELOPMENT_TEAM = S7CCUH8W47;
				INFOPLIST_FILE = NoverTests/Info.plist;
				LD_RUNPATH_SEARCH_PATHS = "$(inherited) @executable_path/Frameworks @loader_path/Frameworks";
				PRODUCT_BUNDLE_IDENTIFIER = com.teadoan.NoverTests;
				PRODUCT_NAME = "$(TARGET_NAME)";
				SWIFT_VERSION = 4.0;
				TARGETED_DEVICE_FAMILY = "1,2";
				TEST_HOST = "$(BUILT_PRODUCTS_DIR)/Nover.app/Nover";
			};
			name = Debug;
		};
		B0F23734200057A8005350C2 /* Release */ = {
			isa = XCBuildConfiguration;
			buildSettings = {
				ALWAYS_EMBED_SWIFT_STANDARD_LIBRARIES = YES;
				BUNDLE_LOADER = "$(TEST_HOST)";
				CODE_SIGN_STYLE = Automatic;
				DEVELOPMENT_TEAM = S7CCUH8W47;
				INFOPLIST_FILE = NoverTests/Info.plist;
				LD_RUNPATH_SEARCH_PATHS = "$(inherited) @executable_path/Frameworks @loader_path/Frameworks";
				PRODUCT_BUNDLE_IDENTIFIER = com.teadoan.NoverTests;
				PRODUCT_NAME = "$(TARGET_NAME)";
				SWIFT_VERSION = 4.0;
				TARGETED_DEVICE_FAMILY = "1,2";
				TEST_HOST = "$(BUILT_PRODUCTS_DIR)/Nover.app/Nover";
			};
			name = Release;
		};
		B0F23736200057A8005350C2 /* Debug */ = {
			isa = XCBuildConfiguration;
			buildSettings = {
				ALWAYS_EMBED_SWIFT_STANDARD_LIBRARIES = YES;
				CODE_SIGN_STYLE = Automatic;
				DEVELOPMENT_TEAM = S7CCUH8W47;
				INFOPLIST_FILE = NoverUITests/Info.plist;
				LD_RUNPATH_SEARCH_PATHS = "$(inherited) @executable_path/Frameworks @loader_path/Frameworks";
				PRODUCT_BUNDLE_IDENTIFIER = com.teadoan.NoverUITests;
				PRODUCT_NAME = "$(TARGET_NAME)";
				SWIFT_VERSION = 4.0;
				TARGETED_DEVICE_FAMILY = "1,2";
				TEST_TARGET_NAME = Nover;
			};
			name = Debug;
		};
		B0F23737200057A8005350C2 /* Release */ = {
			isa = XCBuildConfiguration;
			buildSettings = {
				ALWAYS_EMBED_SWIFT_STANDARD_LIBRARIES = YES;
				CODE_SIGN_STYLE = Automatic;
				DEVELOPMENT_TEAM = S7CCUH8W47;
				INFOPLIST_FILE = NoverUITests/Info.plist;
				LD_RUNPATH_SEARCH_PATHS = "$(inherited) @executable_path/Frameworks @loader_path/Frameworks";
				PRODUCT_BUNDLE_IDENTIFIER = com.teadoan.NoverUITests;
				PRODUCT_NAME = "$(TARGET_NAME)";
				SWIFT_VERSION = 4.0;
				TARGETED_DEVICE_FAMILY = "1,2";
				TEST_TARGET_NAME = Nover;
			};
			name = Release;
		};
/* End XCBuildConfiguration section */

/* Begin XCConfigurationList section */
		B0F23702200057A8005350C2 /* Build configuration list for PBXProject "Nover" */ = {
			isa = XCConfigurationList;
			buildConfigurations = (
				B0F2372D200057A8005350C2 /* Debug */,
				B0F2372E200057A8005350C2 /* Release */,
			);
			defaultConfigurationIsVisible = 0;
			defaultConfigurationName = Release;
		};
		B0F2372F200057A8005350C2 /* Build configuration list for PBXNativeTarget "Nover" */ = {
			isa = XCConfigurationList;
			buildConfigurations = (
				B0F23730200057A8005350C2 /* Debug */,
				B0F23731200057A8005350C2 /* Release */,
			);
			defaultConfigurationIsVisible = 0;
			defaultConfigurationName = Release;
		};
		B0F23732200057A8005350C2 /* Build configuration list for PBXNativeTarget "NoverTests" */ = {
			isa = XCConfigurationList;
			buildConfigurations = (
				B0F23733200057A8005350C2 /* Debug */,
				B0F23734200057A8005350C2 /* Release */,
			);
			defaultConfigurationIsVisible = 0;
			defaultConfigurationName = Release;
		};
		B0F23735200057A8005350C2 /* Build configuration list for PBXNativeTarget "NoverUITests" */ = {
			isa = XCConfigurationList;
			buildConfigurations = (
				B0F23736200057A8005350C2 /* Debug */,
				B0F23737200057A8005350C2 /* Release */,
			);
			defaultConfigurationIsVisible = 0;
			defaultConfigurationName = Release;
		};
/* End XCConfigurationList section */

/* Begin XCVersionGroup section */
		B0F2373C20005B69005350C2 /* NoteModel.xcdatamodeld */ = {
			isa = XCVersionGroup;
			children = (
				B0F2373D20005B69005350C2 /* NoteModel.xcdatamodel */,
			);
			currentVersion = B0F2373D20005B69005350C2 /* NoteModel.xcdatamodel */;
			path = NoteModel.xcdatamodeld;
			sourceTree = "<group>";
			versionGroupType = wrapper.xcdatamodel;
		};
/* End XCVersionGroup section */
	};
	rootObject = B0F236FF200057A8005350C2 /* Project object */;
}
